// !$*UTF8*$!
{
	archiveVersion = 1;
	classes = {
	};
	objectVersion = 46;
	objects = {

/* Begin PBXBuildFile section */
		04FA16F218D68E510007CC01 /* UIKit.framework in Frameworks */ = {isa = PBXBuildFile; fileRef = 04FA16F118D68E510007CC01 /* UIKit.framework */; };
		04FA16F418D68E510007CC01 /* Foundation.framework in Frameworks */ = {isa = PBXBuildFile; fileRef = 04FA16F318D68E510007CC01 /* Foundation.framework */; };
		04FA16F618D68E510007CC01 /* CoreGraphics.framework in Frameworks */ = {isa = PBXBuildFile; fileRef = 04FA16F518D68E510007CC01 /* CoreGraphics.framework */; };
		04FA16FC18D68E520007CC01 /* InfoPlist.strings in Resources */ = {isa = PBXBuildFile; fileRef = 04FA16FA18D68E520007CC01 /* InfoPlist.strings */; };
		04FA16FE18D68E520007CC01 /* main.m in Sources */ = {isa = PBXBuildFile; fileRef = 04FA16FD18D68E520007CC01 /* main.m */; };
		04FA170218D68E520007CC01 /* AppDelegate.m in Sources */ = {isa = PBXBuildFile; fileRef = 04FA170118D68E520007CC01 /* AppDelegate.m */; };
		04FA170418D68E520007CC01 /* Default.png in Resources */ = {isa = PBXBuildFile; fileRef = 04FA170318D68E520007CC01 /* Default.png */; };
		04FA170618D68E520007CC01 /* Default@2x.png in Resources */ = {isa = PBXBuildFile; fileRef = 04FA170518D68E520007CC01 /* Default@2x.png */; };
		04FA170818D68E520007CC01 /* Default-568h@2x.png in Resources */ = {isa = PBXBuildFile; fileRef = 04FA170718D68E520007CC01 /* Default-568h@2x.png */; };
		04FA171018D68E520007CC01 /* SenTestingKit.framework in Frameworks */ = {isa = PBXBuildFile; fileRef = 04FA170F18D68E520007CC01 /* SenTestingKit.framework */; };
		04FA171118D68E520007CC01 /* UIKit.framework in Frameworks */ = {isa = PBXBuildFile; fileRef = 04FA16F118D68E510007CC01 /* UIKit.framework */; };
		04FA171218D68E520007CC01 /* Foundation.framework in Frameworks */ = {isa = PBXBuildFile; fileRef = 04FA16F318D68E510007CC01 /* Foundation.framework */; };
		04FA171A18D68E520007CC01 /* InfoPlist.strings in Resources */ = {isa = PBXBuildFile; fileRef = 04FA171818D68E520007CC01 /* InfoPlist.strings */; };
		04FA171D18D68E530007CC01 /* PartrolSystemTests.m in Sources */ = {isa = PBXBuildFile; fileRef = 04FA171C18D68E530007CC01 /* PartrolSystemTests.m */; };
/* End PBXBuildFile section */

/* Begin PBXContainerItemProxy section */
		04FA171318D68E520007CC01 /* PBXContainerItemProxy */ = {
			isa = PBXContainerItemProxy;
			containerPortal = 04FA16E618D68E500007CC01 /* Project object */;
			proxyType = 1;
			remoteGlobalIDString = 04FA16ED18D68E500007CC01;
			remoteInfo = PartrolSystem;
		};
/* End PBXContainerItemProxy section */

/* Begin PBXFileReference section */
		04FA16EE18D68E510007CC01 /* PartrolSystem.app */ = {isa = PBXFileReference; explicitFileType = wrapper.application; includeInIndex = 0; path = PartrolSystem.app; sourceTree = BUILT_PRODUCTS_DIR; };
		04FA16F118D68E510007CC01 /* UIKit.framework */ = {isa = PBXFileReference; lastKnownFileType = wrapper.framework; name = UIKit.framework; path = System/Library/Frameworks/UIKit.framework; sourceTree = SDKROOT; };
		04FA16F318D68E510007CC01 /* Foundation.framework */ = {isa = PBXFileReference; lastKnownFileType = wrapper.framework; name = Foundation.framework; path = System/Library/Frameworks/Foundation.framework; sourceTree = SDKROOT; };
		04FA16F518D68E510007CC01 /* CoreGraphics.framework */ = {isa = PBXFileReference; lastKnownFileType = wrapper.framework; name = CoreGraphics.framework; path = System/Library/Frameworks/CoreGraphics.framework; sourceTree = SDKROOT; };
		04FA16F918D68E520007CC01 /* PartrolSystem-Info.plist */ = {isa = PBXFileReference; lastKnownFileType = text.plist.xml; path = "PartrolSystem-Info.plist"; sourceTree = "<group>"; };
		04FA16FB18D68E520007CC01 /* en */ = {isa = PBXFileReference; lastKnownFileType = text.plist.strings; name = en; path = en.lproj/InfoPlist.strings; sourceTree = "<group>"; };
		04FA16FD18D68E520007CC01 /* main.m */ = {isa = PBXFileReference; lastKnownFileType = sourcecode.c.objc; path = main.m; sourceTree = "<group>"; };
		04FA16FF18D68E520007CC01 /* PartrolSystem-Prefix.pch */ = {isa = PBXFileReference; lastKnownFileType = sourcecode.c.h; path = "PartrolSystem-Prefix.pch"; sourceTree = "<group>"; };
		04FA170018D68E520007CC01 /* AppDelegate.h */ = {isa = PBXFileReference; lastKnownFileType = sourcecode.c.h; path = AppDelegate.h; sourceTree = "<group>"; };
		04FA170118D68E520007CC01 /* AppDelegate.m */ = {isa = PBXFileReference; lastKnownFileType = sourcecode.c.objc; path = AppDelegate.m; sourceTree = "<group>"; };
		04FA170318D68E520007CC01 /* Default.png */ = {isa = PBXFileReference; lastKnownFileType = image.png; path = Default.png; sourceTree = "<group>"; };
		04FA170518D68E520007CC01 /* Default@2x.png */ = {isa = PBXFileReference; lastKnownFileType = image.png; path = "Default@2x.png"; sourceTree = "<group>"; };
		04FA170718D68E520007CC01 /* Default-568h@2x.png */ = {isa = PBXFileReference; lastKnownFileType = image.png; path = "Default-568h@2x.png"; sourceTree = "<group>"; };
		04FA170E18D68E520007CC01 /* PartrolSystemTests.octest */ = {isa = PBXFileReference; explicitFileType = wrapper.cfbundle; includeInIndex = 0; path = PartrolSystemTests.octest; sourceTree = BUILT_PRODUCTS_DIR; };
		04FA170F18D68E520007CC01 /* SenTestingKit.framework */ = {isa = PBXFileReference; lastKnownFileType = wrapper.framework; name = SenTestingKit.framework; path = Library/Frameworks/SenTestingKit.framework; sourceTree = DEVELOPER_DIR; };
		04FA171718D68E520007CC01 /* PartrolSystemTests-Info.plist */ = {isa = PBXFileReference; lastKnownFileType = text.plist.xml; path = "PartrolSystemTests-Info.plist"; sourceTree = "<group>"; };
		04FA171918D68E520007CC01 /* en */ = {isa = PBXFileReference; lastKnownFileType = text.plist.strings; name = en; path = en.lproj/InfoPlist.strings; sourceTree = "<group>"; };
		04FA171B18D68E530007CC01 /* PartrolSystemTests.h */ = {isa = PBXFileReference; lastKnownFileType = sourcecode.c.h; path = PartrolSystemTests.h; sourceTree = "<group>"; };
		04FA171C18D68E530007CC01 /* PartrolSystemTests.m */ = {isa = PBXFileReference; lastKnownFileType = sourcecode.c.objc; path = PartrolSystemTests.m; sourceTree = "<group>"; };
/* End PBXFileReference section */

/* Begin PBXFrameworksBuildPhase section */
		04FA16EB18D68E500007CC01 /* Frameworks */ = {
			isa = PBXFrameworksBuildPhase;
			buildActionMask = 2147483647;
			files = (
				04FA16F218D68E510007CC01 /* UIKit.framework in Frameworks */,
				04FA16F418D68E510007CC01 /* Foundation.framework in Frameworks */,
				04FA16F618D68E510007CC01 /* CoreGraphics.framework in Frameworks */,
			);
			runOnlyForDeploymentPostprocessing = 0;
		};
		04FA170A18D68E520007CC01 /* Frameworks */ = {
			isa = PBXFrameworksBuildPhase;
			buildActionMask = 2147483647;
			files = (
				04FA171018D68E520007CC01 /* SenTestingKit.framework in Frameworks */,
				04FA171118D68E520007CC01 /* UIKit.framework in Frameworks */,
				04FA171218D68E520007CC01 /* Foundation.framework in Frameworks */,
			);
			runOnlyForDeploymentPostprocessing = 0;
		};
/* End PBXFrameworksBuildPhase section */

/* Begin PBXGroup section */
		04FA16E518D68E500007CC01 = {
			isa = PBXGroup;
			children = (
				04FA16F718D68E510007CC01 /* PartrolSystem */,
				04FA171518D68E520007CC01 /* PartrolSystemTests */,
				04FA16F018D68E510007CC01 /* Frameworks */,
				04FA16EF18D68E510007CC01 /* Products */,
			);
			sourceTree = "<group>";
		};
		04FA16EF18D68E510007CC01 /* Products */ = {
			isa = PBXGroup;
			children = (
				04FA16EE18D68E510007CC01 /* PartrolSystem.app */,
				04FA170E18D68E520007CC01 /* PartrolSystemTests.octest */,
			);
			name = Products;
			sourceTree = "<group>";
		};
		04FA16F018D68E510007CC01 /* Frameworks */ = {
			isa = PBXGroup;
			children = (
				04FA16F118D68E510007CC01 /* UIKit.framework */,
				04FA16F318D68E510007CC01 /* Foundation.framework */,
				04FA16F518D68E510007CC01 /* CoreGraphics.framework */,
				04FA170F18D68E520007CC01 /* SenTestingKit.framework */,
			);
			name = Frameworks;
			sourceTree = "<group>";
		};
		04FA16F718D68E510007CC01 /* PartrolSystem */ = {
			isa = PBXGroup;
			children = (
				04FA170018D68E520007CC01 /* AppDelegate.h */,
				04FA170118D68E520007CC01 /* AppDelegate.m */,
				04FA16F818D68E510007CC01 /* Supporting Files */,
			);
			path = PartrolSystem;
			sourceTree = "<group>";
		};
		04FA16F818D68E510007CC01 /* Supporting Files */ = {
			isa = PBXGroup;
			children = (
				04FA16F918D68E520007CC01 /* PartrolSystem-Info.plist */,
				04FA16FA18D68E520007CC01 /* InfoPlist.strings */,
				04FA16FD18D68E520007CC01 /* main.m */,
				04FA16FF18D68E520007CC01 /* PartrolSystem-Prefix.pch */,
				04FA170318D68E520007CC01 /* Default.png */,
				04FA170518D68E520007CC01 /* Default@2x.png */,
				04FA170718D68E520007CC01 /* Default-568h@2x.png */,
			);
			name = "Supporting Files";
			sourceTree = "<group>";
		};
		04FA171518D68E520007CC01 /* PartrolSystemTests */ = {
			isa = PBXGroup;
			children = (
				04FA171B18D68E530007CC01 /* PartrolSystemTests.h */,
				04FA171C18D68E530007CC01 /* PartrolSystemTests.m */,
				04FA171618D68E520007CC01 /* Supporting Files */,
			);
			path = PartrolSystemTests;
			sourceTree = "<group>";
		};
		04FA171618D68E520007CC01 /* Supporting Files */ = {
			isa = PBXGroup;
			children = (
				04FA171718D68E520007CC01 /* PartrolSystemTests-Info.plist */,
				04FA171818D68E520007CC01 /* InfoPlist.strings */,
			);
			name = "Supporting Files";
			sourceTree = "<group>";
		};
/* End PBXGroup section */

/* Begin PBXNativeTarget section */
		04FA16ED18D68E500007CC01 /* PartrolSystem */ = {
			isa = PBXNativeTarget;
			buildConfigurationList = 04FA172018D68E530007CC01 /* Build configuration list for PBXNativeTarget "PartrolSystem" */;
			buildPhases = (
				04FA16EA18D68E500007CC01 /* Sources */,
				04FA16EB18D68E500007CC01 /* Frameworks */,
				04FA16EC18D68E500007CC01 /* Resources */,
			);
			buildRules = (
			);
			dependencies = (
			);
			name = PartrolSystem;
			productName = PartrolSystem;
			productReference = 04FA16EE18D68E510007CC01 /* PartrolSystem.app */;
			productType = "com.apple.product-type.application";
		};
		04FA170D18D68E520007CC01 /* PartrolSystemTests */ = {
			isa = PBXNativeTarget;
			buildConfigurationList = 04FA172318D68E530007CC01 /* Build configuration list for PBXNativeTarget "PartrolSystemTests" */;
			buildPhases = (
				04FA170918D68E520007CC01 /* Sources */,
				04FA170A18D68E520007CC01 /* Frameworks */,
				04FA170B18D68E520007CC01 /* Resources */,
				04FA170C18D68E520007CC01 /* ShellScript */,
			);
			buildRules = (
			);
			dependencies = (
				04FA171418D68E520007CC01 /* PBXTargetDependency */,
			);
			name = PartrolSystemTests;
			productName = PartrolSystemTests;
			productReference = 04FA170E18D68E520007CC01 /* PartrolSystemTests.octest */;
			productType = "com.apple.product-type.bundle";
		};
/* End PBXNativeTarget section */

/* Begin PBXProject section */
		04FA16E618D68E500007CC01 /* Project object */ = {
			isa = PBXProject;
			attributes = {
				LastUpgradeCheck = 0460;
				ORGANIZATIONNAME = teddy;
			};
			buildConfigurationList = 04FA16E918D68E500007CC01 /* Build configuration list for PBXProject "PartrolSystem" */;
			compatibilityVersion = "Xcode 3.2";
			developmentRegion = English;
			hasScannedForEncodings = 0;
			knownRegions = (
				en,
			);
			mainGroup = 04FA16E518D68E500007CC01;
			productRefGroup = 04FA16EF18D68E510007CC01 /* Products */;
			projectDirPath = "";
			projectRoot = "";
			targets = (
				04FA16ED18D68E500007CC01 /* PartrolSystem */,
				04FA170D18D68E520007CC01 /* PartrolSystemTests */,
			);
		};
/* End PBXProject section */

/* Begin PBXResourcesBuildPhase section */
		04FA16EC18D68E500007CC01 /* Resources */ = {
			isa = PBXResourcesBuildPhase;
			buildActionMask = 2147483647;
			files = (
				04FA16FC18D68E520007CC01 /* InfoPlist.strings in Resources */,
				04FA170418D68E520007CC01 /* Default.png in Resources */,
				04FA170618D68E520007CC01 /* Default@2x.png in Resources */,
				04FA170818D68E520007CC01 /* Default-568h@2x.png in Resources */,
			);
			runOnlyForDeploymentPostprocessing = 0;
		};
		04FA170B18D68E520007CC01 /* Resources */ = {
			isa = PBXResourcesBuildPhase;
			buildActionMask = 2147483647;
			files = (
				04FA171A18D68E520007CC01 /* InfoPlist.strings in Resources */,
			);
			runOnlyForDeploymentPostprocessing = 0;
		};
/* End PBXResourcesBuildPhase section */

/* Begin PBXShellScriptBuildPhase section */
		04FA170C18D68E520007CC01 /* ShellScript */ = {
			isa = PBXShellScriptBuildPhase;
			buildActionMask = 2147483647;
			files = (
			);
			inputPaths = (
			);
			outputPaths = (
			);
			runOnlyForDeploymentPostprocessing = 0;
			shellPath = /bin/sh;
			shellScript = "# Run the unit tests in this test bundle.\n\"${SYSTEM_DEVELOPER_DIR}/Tools/RunUnitTests\"\n";
		};
/* End PBXShellScriptBuildPhase section */

/* Begin PBXSourcesBuildPhase section */
		04FA16EA18D68E500007CC01 /* Sources */ = {
			isa = PBXSourcesBuildPhase;
			buildActionMask = 2147483647;
			files = (
				04FA16FE18D68E520007CC01 /* main.m in Sources */,
				04FA170218D68E520007CC01 /* AppDelegate.m in Sources */,
			);
			runOnlyForDeploymentPostprocessing = 0;
		};
		04FA170918D68E520007CC01 /* Sources */ = {
			isa = PBXSourcesBuildPhase;
			buildActionMask = 2147483647;
			files = (
				04FA171D18D68E530007CC01 /* PartrolSystemTests.m in Sources */,
			);
			runOnlyForDeploymentPostprocessing = 0;
		};
/* End PBXSourcesBuildPhase section */

/* Begin PBXTargetDependency section */
		04FA171418D68E520007CC01 /* PBXTargetDependency */ = {
			isa = PBXTargetDependency;
			target = 04FA16ED18D68E500007CC01 /* PartrolSystem */;
			targetProxy = 04FA171318D68E520007CC01 /* PBXContainerItemProxy */;
		};
/* End PBXTargetDependency section */

/* Begin PBXVariantGroup section */
		04FA16FA18D68E520007CC01 /* InfoPlist.strings */ = {
			isa = PBXVariantGroup;
			children = (
				04FA16FB18D68E520007CC01 /* en */,
			);
			name = InfoPlist.strings;
			sourceTree = "<group>";
		};
		04FA171818D68E520007CC01 /* InfoPlist.strings */ = {
			isa = PBXVariantGroup;
			children = (
				04FA171918D68E520007CC01 /* en */,
			);
			name = InfoPlist.strings;
			sourceTree = "<group>";
		};
/* End PBXVariantGroup section */

/* Begin XCBuildConfiguration section */
		04FA171E18D68E530007CC01 /* Debug */ = {
			isa = XCBuildConfiguration;
			buildSettings = {
				ALWAYS_SEARCH_USER_PATHS = NO;
				CLANG_CXX_LANGUAGE_STANDARD = "gnu++0x";
				CLANG_CXX_LIBRARY = "libc++";
				CLANG_ENABLE_OBJC_ARC = YES;
				CLANG_WARN_CONSTANT_CONVERSION = YES;
				CLANG_WARN_EMPTY_BODY = YES;
				CLANG_WARN_ENUM_CONVERSION = YES;
				CLANG_WARN_INT_CONVERSION = YES;
				CLANG_WARN__DUPLICATE_METHOD_MATCH = YES;
				"CODE_SIGN_IDENTITY[sdk=iphoneos*]" = "iPhone Developer";
				COPY_PHASE_STRIP = NO;
				GCC_C_LANGUAGE_STANDARD = gnu99;
				GCC_DYNAMIC_NO_PIC = NO;
				GCC_OPTIMIZATION_LEVEL = 0;
				GCC_PREPROCESSOR_DEFINITIONS = (
					"DEBUG=1",
					"$(inherited)",
				);
				GCC_SYMBOLS_PRIVATE_EXTERN = NO;
				GCC_WARN_ABOUT_RETURN_TYPE = YES;
				GCC_WARN_UNINITIALIZED_AUTOS = YES;
				GCC_WARN_UNUSED_VARIABLE = YES;
				IPHONEOS_DEPLOYMENT_TARGET = 6.1;
				ONLY_ACTIVE_ARCH = YES;
				SDKROOT = iphoneos;
				TARGETED_DEVICE_FAMILY = "1,2";
			};
			name = Debug;
		};
		04FA171F18D68E530007CC01 /* Release */ = {
			isa = XCBuildConfiguration;
			buildSettings = {
				ALWAYS_SEARCH_USER_PATHS = NO;
				CLANG_CXX_LANGUAGE_STANDARD = "gnu++0x";
				CLANG_CXX_LIBRARY = "libc++";
				CLANG_ENABLE_OBJC_ARC = YES;
				CLANG_WARN_CONSTANT_CONVERSION = YES;
				CLANG_WARN_EMPTY_BODY = YES;
				CLANG_WARN_ENUM_CONVERSION = YES;
				CLANG_WARN_INT_CONVERSION = YES;
				CLANG_WARN__DUPLICATE_METHOD_MATCH = YES;
				"CODE_SIGN_IDENTITY[sdk=iphoneos*]" = "iPhone Developer";
				COPY_PHASE_STRIP = YES;
				GCC_C_LANGUAGE_STANDARD = gnu99;
				GCC_WARN_ABOUT_RETURN_TYPE = YES;
				GCC_WARN_UNINITIALIZED_AUTOS = YES;
				GCC_WARN_UNUSED_VARIABLE = YES;
				IPHONEOS_DEPLOYMENT_TARGET = 6.1;
				OTHER_CFLAGS = "-DNS_BLOCK_ASSERTIONS=1";
				SDKROOT = iphoneos;
				TARGETED_DEVICE_FAMILY = "1,2";
				VALIDATE_PRODUCT = YES;
			};
			name = Release;
		};
		04FA172118D68E530007CC01 /* Debug */ = {
			isa = XCBuildConfiguration;
			buildSettings = {
				GCC_PRECOMPILE_PREFIX_HEADER = YES;
				GCC_PREFIX_HEADER = "PartrolSystem/PartrolSystem-Prefix.pch";
				INFOPLIST_FILE = "PartrolSystem/PartrolSystem-Info.plist";
				PRODUCT_NAME = "$(TARGET_NAME)";
				WRAPPER_EXTENSION = app;
			};
			name = Debug;
		};
		04FA172218D68E530007CC01 /* Release */ = {
			isa = XCBuildConfiguration;
			buildSettings = {
				GCC_PRECOMPILE_PREFIX_HEADER = YES;
				GCC_PREFIX_HEADER = "PartrolSystem/PartrolSystem-Prefix.pch";
				INFOPLIST_FILE = "PartrolSystem/PartrolSystem-Info.plist";
				PRODUCT_NAME = "$(TARGET_NAME)";
				WRAPPER_EXTENSION = app;
			};
			name = Release;
		};
		04FA172418D68E530007CC01 /* Debug */ = {
			isa = XCBuildConfiguration;
			buildSettings = {
				BUNDLE_LOADER = "$(BUILT_PRODUCTS_DIR)/PartrolSystem.app/PartrolSystem";
				FRAMEWORK_SEARCH_PATHS = (
					"\"$(SDKROOT)/Developer/Library/Frameworks\"",
					"\"$(DEVELOPER_LIBRARY_DIR)/Frameworks\"",
				);
				GCC_PRECOMPILE_PREFIX_HEADER = YES;
				GCC_PREFIX_HEADER = "PartrolSystem/PartrolSystem-Prefix.pch";
				INFOPLIST_FILE = "PartrolSystemTests/PartrolSystemTests-Info.plist";
				PRODUCT_NAME = "$(TARGET_NAME)";
				TEST_HOST = "$(BUNDLE_LOADER)";
				WRAPPER_EXTENSION = octest;
			};
			name = Debug;
		};
		04FA172518D68E530007CC01 /* Release */ = {
			isa = XCBuildConfiguration;
			buildSettings = {
				BUNDLE_LOADER = "$(BUILT_PRODUCTS_DIR)/PartrolSystem.app/PartrolSystem";
				FRAMEWORK_SEARCH_PATHS = (
					"\"$(SDKROOT)/Developer/Library/Frameworks\"",
					"\"$(DEVELOPER_LIBRARY_DIR)/Frameworks\"",
				);
				GCC_PRECOMPILE_PREFIX_HEADER = YES;
				GCC_PREFIX_HEADER = "PartrolSystem/PartrolSystem-Prefix.pch";
				INFOPLIST_FILE = "PartrolSystemTests/PartrolSystemTests-Info.plist";
				PRODUCT_NAME = "$(TARGET_NAME)";
				TEST_HOST = "$(BUNDLE_LOADER)";
				WRAPPER_EXTENSION = octest;
			};
			name = Release;
		};
/* End XCBuildConfiguration section */

/* Begin XCConfigurationList section */
		04FA16E918D68E500007CC01 /* Build configuration list for PBXProject "PartrolSystem" */ = {
			isa = XCConfigurationList;
			buildConfigurations = (
				04FA171E18D68E530007CC01 /* Debug */,
				04FA171F18D68E530007CC01 /* Release */,
			);
			defaultConfigurationIsVisible = 0;
			defaultConfigurationName = Release;
		};
		04FA172018D68E530007CC01 /* Build configuration list for PBXNativeTarget "PartrolSystem" */ = {
			isa = XCConfigurationList;
			buildConfigurations = (
				04FA172118D68E530007CC01 /* Debug */,
				04FA172218D68E530007CC01 /* Release */,
			);
			defaultConfigurationIsVisible = 0;
		};
		04FA172318D68E530007CC01 /* Build configuration list for PBXNativeTarget "PartrolSystemTests" */ = {
			isa = XCConfigurationList;
			buildConfigurations = (
				04FA172418D68E530007CC01 /* Debug */,
				04FA172518D68E530007CC01 /* Release */,
			);
			defaultConfigurationIsVisible = 0;
		};
/* End XCConfigurationList section */
	};
	rootObject = 04FA16E618D68E500007CC01 /* Project object */;
}
